{
  "version": 4,
  "terraform_version": "1.15.8",
  "serial": 3,
  "lineage": "33565800-4e96-a9aa-32c7-b3ac980ee445",
  "outputs": {},
  "resources": [
    {
      "mode": "managed",
      "type": "aws_eks_cluster",
      "name": "vllm_cluster",
      "provider": "provider[\"registry.terraform.io/hashicorp/aws\"]",
      "instances": [
        {
          "schema_version": 1,
          "attributes": {
            "access_config": [
              {
                "authentication_mode": "CONFIG_MAP",
                "bootstrap_cluster_creator_admin_permissions": true
              }
            ],
            "arn": "arn:aws:eks:us-east-1:390888050376:cluster/vllm-prod-cluster",
            "bootstrap_self_managed_addons": true,
            "certificate_authority": [
              {
                "data": "LS0tLS1CRUdJTiBDRVJUSUZJQ0FURS0tLS0tCk1JSUREakNDQWZhZ0F3SUJBZ0lSQUxBTHZjT1N3N1NYdGYybEZDVUhZSWN3RFFZSktvWklodmNOQVFFTEJRQXcKRlRFVE1CRUdBMVVFQXhNS2EzVmlaWEp1WlhSbGN6QWVGdzB5TmpBNE1UTXdOVE14TURGYUZ3MHpOakE0TVRBdwpOVE14TURGYU1CVXhFekFSQmdOVkJBTVRDbXQxWW1WeWJtVjBaWE13Z2dFaU1BMEdDU3FHU0liM0RRRUJBUVVBCkE0SUJEd0F3Z2dFS0FvSUJBUURLYXhBeTBZUlhHUGhxQ2g2UFkvNTJGcWlFREF3RTZxUVgxS2dRK1lET01iZUQKS2dYY1VVUHhlSHdKWjhiTzZWbFRQenJyd21GbXVhL0FwdUZXd0R5ZTJkcDdlNHRNSG14UkJmbVBDZlkxczgyRwo1YXVHK1JodEZYaHFFWFV5NmJBZzR0SlRPVHlLanNZb3N4OVpSc0NUQVBWT1Rhc3IwM3V5S3hoM2tIZ1FMSk9nCjdna3JWR2h6VlI3SmJQVjdITXVSekdWSWxoZFFKNGlzVVc2cnVITDBqVXNTS0RUR1VSazJrV0hiOGYwRG1odjMKQVJCSnhKTGcvS0tYNEl1b0hGQ1ByaHFzd3VPN0IxZ2w0ZUdnVTQ3SFpNblNNRVJ3dCtqRHFiNDRRemthck03ZQpCK2plZE4zM0QrdkduKzZkM1hZbzRDVlUvREFxamt5WWQzWkxUQnFEQWdNQkFBR2pXVEJYTUE0R0ExVWREd0VCCi93UUVBd0lDcERBUEJnTlZIUk1CQWY4RUJUQURBUUgvTUIwR0ExVWREZ1FXQkJSUHZ5cFd2TkhOYUxOSy9CUVYKSDJtRU1QMVNYREFWQmdOVkhSRUVEakFNZ2dwcmRXSmxjbTVsZEdWek1BMEdDU3FHU0liM0RRRUJDd1VBQTRJQgpBUUJ0RFVxeWZHcXRzRUliM2twTkNibTlFWjZlSVFlc2xtakFLVkdtZ0JOSHpmZGR2dUJpOTExeWRjN2VlUkcwCitNdE5mNE1TWW9NckJQc0Y4MTJUcm9yUVZtOGFHaTRVUGl3U0hGVVpoNnBhQ1liREQyeGwvRUwvdFVVR3p5dG4KYSs0SXA4cy8yV0RYcTk5TVZhUXpPU3pmbkFuOTh5bVlSSndvWWxCVzcrS0ZsQmZYbno3VjRuUVRGTnFqbTR3cAp4dGxKQ0N2bjMxNWNCcThoWVFrU0FsclAyRDJsa3lVejBRNUI0Q25mT1pmV0NETmF3NUxDNzB5OHN0ZjVOYWYrCnpJdDF5U3lmN21mNStEVUozazh2K1IxZGhxZGFqejIrMFREQ01ZUW1UZHZYaWpEVkNVcWttaFZXajZzVUlpWksKWTRKclkrTm0zNjQ4KzFQa3ZzaTFKNC9QCi0tLS0tRU5EIENFUlRJRklDQVRFLS0tLS0K"
              }
            ],
            "cluster_id": null,
            "compute_config": [
              {
                "enabled": false,
                "node_pools": [],
                "node_role_arn": ""
              }
            ],
            "control_plane_scaling_config": [
              {
                "tier": "standard"
              }
            ],
            "created_at": "2026-08-13T05:30:31Z",
            "deletion_protection": false,
            "enabled_cluster_log_types": null,
            "encryption_config": [],
            "endpoint": "https://0E6ADAC6D02019C0DDAAF99225E7F02E.gr7.us-east-1.eks.amazonaws.com",
            "force_update_version": null,
            "id": "vllm-prod-cluster",
            "identity": [
              {
                "oidc": [
                  {
                    "issuer": "https://oidc.eks.us-east-1.amazonaws.com/id/0E6ADAC6D02019C0DDAAF99225E7F02E"
                  }
                ]
              }
            ],
            "kube_api_server_config": [
              {
                "event_ttl": "60m",
                "service_node_port_range": [
                  {
                    "max_port": 32767,
                    "min_port": 30000
                  }
                ]
              }
            ],
            "kube_controller_manager_config": [
              {
                "horizontal_pod_autoscaler_controller_config": [
                  {
                    "horizontal_pod_autoscaler_sync_period": "15s"
                  }
                ]
              }
            ],
            "kube_scheduler_config": [
              {
                "node_resources_fit": [
                  {
                    "scoring_strategy": [
                      {
                        "resource": [
                          {
                            "name": "cpu",
                            "weight": 1
                          },
                          {
                            "name": "memory",
                            "weight": 1
                          }
                        ],
                        "type": "LeastAllocated"
                      }
                    ]
                  }
                ]
              }
            ],
            "kubernetes_network_config": [
              {
                "elastic_load_balancing": [
                  {
                    "enabled": false
                  }
                ],
                "ip_family": "ipv4",
                "service_ipv4_cidr": "10.100.0.0/16",
                "service_ipv6_cidr": ""
              }
            ],
            "name": "vllm-prod-cluster",
            "outpost_config": [],
            "platform_version": "eks.9",
            "region": "us-east-1",
            "remote_network_config": [],
            "role_arn": "arn:aws:iam::390888050376:role/EKSClusterRole",
            "status": "ACTIVE",
            "storage_config": [
              {
                "block_storage": [
                  {
                    "enabled": false
                  }
                ]
              }
            ],
            "tags": null,
            "tags_all": {},
            "timeouts": null,
            "upgrade_policy": [
              {
                "support_type": "EXTENDED"
              }
            ],
            "version": "1.36",
            "vpc_config": [
              {
                "cluster_security_group_id": "sg-079cbfee63872b68e",
                "control_plane_egress_mode": "AWS_MANAGED",
                "endpoint_private_access": false,
                "endpoint_public_access": true,
                "public_access_cidrs": [
                  "0.0.0.0/0"
                ],
                "security_group_ids": null,
                "subnet_ids": [
                  "subnet-01ee801f5cb4e23e6",
                  "subnet-0e2f7509fe36e9b36"
                ],
                "vpc_id": "vpc-0f1ac27eea8577a18"
              }
            ],
            "zonal_shift_config": []
          },
          "sensitive_attributes": [],
          "identity_schema_version": 0,
          "identity": {
            "account_id": "390888050376",
            "name": "vllm-prod-cluster",
            "region": "us-east-1"
          },
          "private": "eyJlMmJmYjczMC1lY2FhLTExZTYtOGY4OC0zNDM2M2JjN2M0YzAiOnsiY3JlYXRlIjoxODAwMDAwMDAwMDAwLCJkZWxldGUiOjkwMDAwMDAwMDAwMCwidXBkYXRlIjozNjAwMDAwMDAwMDAwfSwic2NoZW1hX3ZlcnNpb24iOiIxIn0="
        }
      ]
    },
    {
      "mode": "managed",
      "type": "aws_eks_node_group",
      "name": "gpu_nodes",
      "provider": "provider[\"registry.terraform.io/hashicorp/aws\"]",
      "instances": [
        {
          "schema_version": 0,
          "attributes": {
            "ami_type": "AL2023_x86_64_STANDARD",
            "arn": "arn:aws:eks:us-east-1:390888050376:nodegroup/vllm-prod-cluster/gpu-worker-nodes/c0cffcd0-3cac-d491-1540-65f5bd49468e",
            "capacity_type": "ON_DEMAND",
            "cluster_name": "vllm-prod-cluster",
            "disk_size": 20,
            "force_update_version": null,
            "id": "vllm-prod-cluster:gpu-worker-nodes",
            "instance_types": [
              "g4dn.xlarge"
            ],
            "labels": null,
            "launch_template": [],
            "node_group_name": "gpu-worker-nodes",
            "node_group_name_prefix": "",
            "node_repair_config": [],
            "node_role_arn": "arn:aws:iam::390888050376:role/EKSNodeRole",
            "region": "us-east-1",
            "release_version": "1.36.2-20260801",
            "remote_access": [],
            "resources": [
              {
                "autoscaling_groups": [
                  {
                    "name": "eks-gpu-worker-nodes-c0cffcd0-3cac-d491-1540-65f5bd49468e"
                  }
                ],
                "remote_access_security_group_id": ""
              }
            ],
            "scaling_config": [
              {
                "desired_size": 1,
                "max_size": 2,
                "min_size": 1
              }
            ],
            "status": "ACTIVE",
            "subnet_ids": [
              "subnet-01ee801f5cb4e23e6",
              "subnet-0e2f7509fe36e9b36"
            ],
            "tags": null,
            "tags_all": {},
            "taint": [],
            "timeouts": null,
            "update_config": [
              {
                "max_unavailable": 1,
                "max_unavailable_percentage": 0,
                "update_strategy": ""
              }
            ],
            "version": "1.36",
            "warm_pool_config": []
          },
          "sensitive_attributes": [],
          "identity_schema_version": 0,
          "identity": {
            "account_id": "390888050376",
            "cluster_name": "vllm-prod-cluster",
            "node_group_name": "gpu-worker-nodes",
            "region": "us-east-1"
          },
          "private": "eyJlMmJmYjczMC1lY2FhLTExZTYtOGY4OC0zNDM2M2JjN2M0YzAiOnsiY3JlYXRlIjozNjAwMDAwMDAwMDAwLCJkZWxldGUiOjM2MDAwMDAwMDAwMDAsInVwZGF0ZSI6MzYwMDAwMDAwMDAwMH19",
          "dependencies": [
            "aws_eks_cluster.vllm_cluster"
          ]
        }
      ]
    }
  ],
  "check_results": null
}
